
Microsoft Visual Studio Solution File, Format Version 12.00
# Visual Studio 15
VisualStudioVersion = 15.0.26228.4
MinimumVisualStudioVersion = 10.0.40219.1
Project("{FAE04EC0-301F-11D3-BF4B-00C04F79EFBC}") = "Chapter 4 - Abstract Factory Pattern", "Chapter 4 - Abstract Factory Pattern\Chapter 4 - Abstract Factory Pattern.csproj", "{62743A90-D93C-40E3-BAB3-EC5B3A476D34}"
EndProject
Global
	GlobalSection(SolutionConfigurationPlatforms) = preSolution
		Debug|Any CPU = Debug|Any CPU
		Release|Any CPU = Release|Any CPU
	EndGlobalSection
	GlobalSection(ProjectConfigurationPlatforms) = postSolution
		{62743A90-D93C-40E3-BAB3-EC5B3A476D34}.Debug|Any CPU.ActiveCfg = Debug|Any CPU
		{62743A90-D93C-40E3-BAB3-EC5B3A476D34}.Debug|Any CPU.Build.0 = Debug|Any CPU
		{62743A90-D93C-40E3-BAB3-EC5B3A476D34}.Release|Any CPU.ActiveCfg = Release|Any CPU
		{62743A90-D93C-40E3-BAB3-EC5B3A476D34}.Release|Any CPU.Build.0 = Release|Any CPU
	EndGlobalSection
	GlobalSection(SolutionProperties) = preSolution
		HideSolutionNode = FALSE
	EndGlobalSection
EndGlobal
