
Microsoft Visual Studio Solution File, Format Version 12.00
# Visual Studio 15
VisualStudioVersion = 15.0.26228.4
MinimumVisualStudioVersion = 10.0.40219.1
Project("{FAE04EC0-301F-11D3-BF4B-00C04F79EFBC}") = "Chapter 1 - StrategyPattern", "Chapter 1 - StrategyPattern\Chapter 1 - StrategyPattern.csproj", "{997242FE-72BB-4F0B-B6F9-17484FBD11CE}"
EndProject
Global
	GlobalSection(SolutionConfigurationPlatforms) = preSolution
		Debug|Any CPU = Debug|Any CPU
		Release|Any CPU = Release|Any CPU
	EndGlobalSection
	GlobalSection(ProjectConfigurationPlatforms) = postSolution
		{997242FE-72BB-4F0B-B6F9-17484FBD11CE}.Debug|Any CPU.ActiveCfg = Debug|Any CPU
		{997242FE-72BB-4F0B-B6F9-17484FBD11CE}.Debug|Any CPU.Build.0 = Debug|Any CPU
		{997242FE-72BB-4F0B-B6F9-17484FBD11CE}.Release|Any CPU.ActiveCfg = Release|Any CPU
		{997242FE-72BB-4F0B-B6F9-17484FBD11CE}.Release|Any CPU.Build.0 = Release|Any CPU
	EndGlobalSection
	GlobalSection(SolutionProperties) = preSolution
		HideSolutionNode = FALSE
	EndGlobalSection
EndGlobal
