
Microsoft Visual Studio Solution File, Format Version 12.00
# Visual Studio 15
VisualStudioVersion = 15.0.26228.4
MinimumVisualStudioVersion = 10.0.40219.1
Project("{FAE04EC0-301F-11D3-BF4B-00C04F79EFBC}") = "Chapter 7 - Adapter Pattern", "Chapter 7 - Adapter Pattern\Chapter 7 - Adapter Pattern.csproj", "{E43ABE5C-029E-4C2C-891B-E45F21707CFE}"
EndProject
Global
	GlobalSection(SolutionConfigurationPlatforms) = preSolution
		Debug|Any CPU = Debug|Any CPU
		Release|Any CPU = Release|Any CPU
	EndGlobalSection
	GlobalSection(ProjectConfigurationPlatforms) = postSolution
		{E43ABE5C-029E-4C2C-891B-E45F21707CFE}.Debug|Any CPU.ActiveCfg = Debug|Any CPU
		{E43ABE5C-029E-4C2C-891B-E45F21707CFE}.Debug|Any CPU.Build.0 = Debug|Any CPU
		{E43ABE5C-029E-4C2C-891B-E45F21707CFE}.Release|Any CPU.ActiveCfg = Release|Any CPU
		{E43ABE5C-029E-4C2C-891B-E45F21707CFE}.Release|Any CPU.Build.0 = Release|Any CPU
	EndGlobalSection
	GlobalSection(SolutionProperties) = preSolution
		HideSolutionNode = FALSE
	EndGlobalSection
EndGlobal
